
Microsoft Visual Studio Solution File, Format Version 12.00
# Visual Studio Version 17
VisualStudioVersion = 17.10.35013.160
MinimumVisualStudioVersion = 10.0.40219.1
Project("{9A19103F-16F7-4668-BE54-9A1E7A4F7556}") = "Sistematico", "Sistematico.csproj", "{4590CD59-9E90-489C-B188-3E896870362D}"
EndProject
Global
	GlobalSection(SolutionConfigurationPlatforms) = preSolution
		Debug|Any CPU = Debug|Any CPU
		Release|Any CPU = Release|Any CPU
	EndGlobalSection
	GlobalSection(ProjectConfigurationPlatforms) = postSolution
		{4590CD59-9E90-489C-B188-3E896870362D}.Debug|Any CPU.ActiveCfg = Debug|Any CPU
		{4590CD59-9E90-489C-B188-3E896870362D}.Debug|Any CPU.Build.0 = Debug|Any CPU
		{4590CD59-9E90-489C-B188-3E896870362D}.Release|Any CPU.ActiveCfg = Release|Any CPU
		{4590CD59-9E90-489C-B188-3E896870362D}.Release|Any CPU.Build.0 = Release|Any CPU
	EndGlobalSection
	GlobalSection(SolutionProperties) = preSolution
		HideSolutionNode = FALSE
	EndGlobalSection
	GlobalSection(ExtensibilityGlobals) = postSolution
		SolutionGuid = {729FFAF3-43B0-45DB-BA0F-F191CFFCE413}
	EndGlobalSection
EndGlobal
